
Microsoft Visual Studio Solution File, Format Version 12.00
# Visual Studio Version 16
VisualStudioVersion = 16.0.34931.43
MinimumVisualStudioVersion = 10.0.40219.1
Project("{FAE04EC0-301F-11D3-BF4B-00C04F79EFBC}") = "ConsoleApp2", "ConsoleApp2.csproj", "{EC425140-1DC3-46AF-ACC7-D4319F5876DA}"
EndProject
Global
	GlobalSection(SolutionConfigurationPlatforms) = preSolution
		Debug|Any CPU = Debug|Any CPU
		Release|Any CPU = Release|Any CPU
	EndGlobalSection
	GlobalSection(ProjectConfigurationPlatforms) = postSolution
		{EC425140-1DC3-46AF-ACC7-D4319F5876DA}.Debug|Any CPU.ActiveCfg = Debug|Any CPU
		{EC425140-1DC3-46AF-ACC7-D4319F5876DA}.Debug|Any CPU.Build.0 = Debug|Any CPU
		{EC425140-1DC3-46AF-ACC7-D4319F5876DA}.Release|Any CPU.ActiveCfg = Release|Any CPU
		{EC425140-1DC3-46AF-ACC7-D4319F5876DA}.Release|Any CPU.Build.0 = Release|Any CPU
	EndGlobalSection
	GlobalSection(SolutionProperties) = preSolution
		HideSolutionNode = FALSE
	EndGlobalSection
	GlobalSection(ExtensibilityGlobals) = postSolution
		SolutionGuid = {3B2EF275-A249-4A43-A6E1-40912FBDC382}
	EndGlobalSection
EndGlobal
